
Microsoft Visual Studio Solution File, Format Version 11.00
# Visual Studio 2010
Project("{FAE04EC0-301F-11D3-BF4B-00C04F79EFBC}") = "Badge", "Badge.csproj", "{F35F723F-BF82-44E4-8E7D-C8725EF89C3B}"
	ProjectSection(ProjectDependencies) = postProject
		{D56047EB-748D-42A8-8992-0FBD465F3E50} = {D56047EB-748D-42A8-8992-0FBD465F3E50}
		{51B65151-FC25-45B9-984C-7B73343041E6} = {51B65151-FC25-45B9-984C-7B73343041E6}
	EndProjectSection
EndProject
Project("{FAE04EC0-301F-11D3-BF4B-00C04F79EFBC}") = "BadgeUI", "BadgeUI\BadgeUI.csproj", "{51B65151-FC25-45B9-984C-7B73343041E6}"
	ProjectSection(ProjectDependencies) = postProject
		{D56047EB-748D-42A8-8992-0FBD465F3E50} = {D56047EB-748D-42A8-8992-0FBD465F3E50}
	EndProjectSection
EndProject
Project("{FAE04EC0-301F-11D3-BF4B-00C04F79EFBC}") = "BadgeCore", "BadgeCore\BadgeCore.csproj", "{D56047EB-748D-42A8-8992-0FBD465F3E50}"
EndProject
Global
	GlobalSection(SolutionConfigurationPlatforms) = preSolution
		Debug|Any CPU = Debug|Any CPU
		Release|Any CPU = Release|Any CPU
	EndGlobalSection
	GlobalSection(ProjectConfigurationPlatforms) = postSolution
		{F35F723F-BF82-44E4-8E7D-C8725EF89C3B}.Debug|Any CPU.ActiveCfg = Debug|Any CPU
		{F35F723F-BF82-44E4-8E7D-C8725EF89C3B}.Debug|Any CPU.Build.0 = Debug|Any CPU
		{F35F723F-BF82-44E4-8E7D-C8725EF89C3B}.Release|Any CPU.ActiveCfg = Release|Any CPU
		{F35F723F-BF82-44E4-8E7D-C8725EF89C3B}.Release|Any CPU.Build.0 = Release|Any CPU
		{51B65151-FC25-45B9-984C-7B73343041E6}.Debug|Any CPU.ActiveCfg = Debug|Any CPU
		{51B65151-FC25-45B9-984C-7B73343041E6}.Debug|Any CPU.Build.0 = Debug|Any CPU
		{51B65151-FC25-45B9-984C-7B73343041E6}.Release|Any CPU.ActiveCfg = Release|Any CPU
		{51B65151-FC25-45B9-984C-7B73343041E6}.Release|Any CPU.Build.0 = Release|Any CPU
		{D56047EB-748D-42A8-8992-0FBD465F3E50}.Debug|Any CPU.ActiveCfg = Debug|Any CPU
		{D56047EB-748D-42A8-8992-0FBD465F3E50}.Debug|Any CPU.Build.0 = Debug|Any CPU
		{D56047EB-748D-42A8-8992-0FBD465F3E50}.Release|Any CPU.ActiveCfg = Release|Any CPU
		{D56047EB-748D-42A8-8992-0FBD465F3E50}.Release|Any CPU.Build.0 = Release|Any CPU
	EndGlobalSection
	GlobalSection(SolutionProperties) = preSolution
		HideSolutionNode = FALSE
	EndGlobalSection
EndGlobal
